
Microsoft Visual Studio Solution File, Format Version 12.00
# Visual Studio Version 16
VisualStudioVersion = 16.0.34114.132
MinimumVisualStudioVersion = 10.0.40219.1
Project("{FAE04EC0-301F-11D3-BF4B-00C04F79EFBC}") = "ConsoleApp5", "ConsoleApp5.csproj", "{9EBF5D63-E9EB-48CC-A254-EE0FC79D421E}"
EndProject
Global
	GlobalSection(SolutionConfigurationPlatforms) = preSolution
		Debug|Any CPU = Debug|Any CPU
		Release|Any CPU = Release|Any CPU
	EndGlobalSection
	GlobalSection(ProjectConfigurationPlatforms) = postSolution
		{9EBF5D63-E9EB-48CC-A254-EE0FC79D421E}.Debug|Any CPU.ActiveCfg = Debug|Any CPU
		{9EBF5D63-E9EB-48CC-A254-EE0FC79D421E}.Debug|Any CPU.Build.0 = Debug|Any CPU
		{9EBF5D63-E9EB-48CC-A254-EE0FC79D421E}.Release|Any CPU.ActiveCfg = Release|Any CPU
		{9EBF5D63-E9EB-48CC-A254-EE0FC79D421E}.Release|Any CPU.Build.0 = Release|Any CPU
	EndGlobalSection
	GlobalSection(SolutionProperties) = preSolution
		HideSolutionNode = FALSE
	EndGlobalSection
	GlobalSection(ExtensibilityGlobals) = postSolution
		SolutionGuid = {434C4509-1C31-47C2-855C-81D53AFB8817}
	EndGlobalSection
EndGlobal
